// !$*UTF8*$!
{
	archiveVersion = 1;
	classes = {
	};
	objectVersion = 55;
	objects = {

/* Begin PBXBuildFile section */
		486BE5F99B5F5F62BA2DAFD8 /* Pods_CountryList.framework in Frameworks */ = {isa = PBXBuildFile; fileRef = B908BE0BC0E66ED510178E16 /* Pods_CountryList.framework */; };
		F7626A7027AEAACA00F445F6 /* AppDelegate.swift in Sources */ = {isa = PBXBuildFile; fileRef = F7626A6F27AEAACA00F445F6 /* AppDelegate.swift */; };
		F7626A7227AEAACA00F445F6 /* SceneDelegate.swift in Sources */ = {isa = PBXBuildFile; fileRef = F7626A7127AEAACA00F445F6 /* SceneDelegate.swift */; };
		F7626A7427AEAACA00F445F6 /* MainController.swift in Sources */ = {isa = PBXBuildFile; fileRef = F7626A7327AEAACA00F445F6 /* MainController.swift */; };
		F7626A7727AEAACA00F445F6 /* Main.storyboard in Resources */ = {isa = PBXBuildFile; fileRef = F7626A7527AEAACA00F445F6 /* Main.storyboard */; };
		F7626A7927AEAACB00F445F6 /* Assets.xcassets in Resources */ = {isa = PBXBuildFile; fileRef = F7626A7827AEAACB00F445F6 /* Assets.xcassets */; };
		F7626A7C27AEAACB00F445F6 /* LaunchScreen.storyboard in Resources */ = {isa = PBXBuildFile; fileRef = F7626A7A27AEAACB00F445F6 /* LaunchScreen.storyboard */; };
		F7626A8427AEAEEC00F445F6 /* Country.swift in Sources */ = {isa = PBXBuildFile; fileRef = F7626A8327AEAEEC00F445F6 /* Country.swift */; };
		F7626A8727AEAF1500F445F6 /* SearchViewModel.swift in Sources */ = {isa = PBXBuildFile; fileRef = F7626A8627AEAF1500F445F6 /* SearchViewModel.swift */; };
		F7626A8A27AEAFA500F445F6 /* SearchController.swift in Sources */ = {isa = PBXBuildFile; fileRef = F7626A8927AEAFA500F445F6 /* SearchController.swift */; };
		F7626A9127AEB07E00F445F6 /* TableViewCell.swift in Sources */ = {isa = PBXBuildFile; fileRef = F7626A8F27AEB07E00F445F6 /* TableViewCell.swift */; };
		F7626A9227AEB07E00F445F6 /* TableViewCell.xib in Resources */ = {isa = PBXBuildFile; fileRef = F7626A9027AEB07E00F445F6 /* TableViewCell.xib */; };
/* End PBXBuildFile section */

/* Begin PBXFileReference section */
		8C6A1F8FC02C4F62DA083F87 /* Pods-CountryList.release.xcconfig */ = {isa = PBXFileReference; includeInIndex = 1; lastKnownFileType = text.xcconfig; name = "Pods-CountryList.release.xcconfig"; path = "Target Support Files/Pods-CountryList/Pods-CountryList.release.xcconfig"; sourceTree = "<group>"; };
		B908BE0BC0E66ED510178E16 /* Pods_CountryList.framework */ = {isa = PBXFileReference; explicitFileType = wrapper.framework; includeInIndex = 0; path = Pods_CountryList.framework; sourceTree = BUILT_PRODUCTS_DIR; };
		DE7FAE0DC57B61E40D4FDE96 /* Pods-CountryList.debug.xcconfig */ = {isa = PBXFileReference; includeInIndex = 1; lastKnownFileType = text.xcconfig; name = "Pods-CountryList.debug.xcconfig"; path = "Target Support Files/Pods-CountryList/Pods-CountryList.debug.xcconfig"; sourceTree = "<group>"; };
		F7626A6C27AEAACA00F445F6 /* CountryList.app */ = {isa = PBXFileReference; explicitFileType = wrapper.application; includeInIndex = 0; path = CountryList.app; sourceTree = BUILT_PRODUCTS_DIR; };
		F7626A6F27AEAACA00F445F6 /* AppDelegate.swift */ = {isa = PBXFileReference; lastKnownFileType = sourcecode.swift; path = AppDelegate.swift; sourceTree = "<group>"; };
		F7626A7127AEAACA00F445F6 /* SceneDelegate.swift */ = {isa = PBXFileReference; lastKnownFileType = sourcecode.swift; path = SceneDelegate.swift; sourceTree = "<group>"; };
		F7626A7327AEAACA00F445F6 /* MainController.swift */ = {isa = PBXFileReference; lastKnownFileType = sourcecode.swift; path = MainController.swift; sourceTree = "<group>"; };
		F7626A7627AEAACA00F445F6 /* Base */ = {isa = PBXFileReference; lastKnownFileType = file.storyboard; name = Base; path = Base.lproj/Main.storyboard; sourceTree = "<group>"; };
		F7626A7827AEAACB00F445F6 /* Assets.xcassets */ = {isa = PBXFileReference; lastKnownFileType = folder.assetcatalog; path = Assets.xcassets; sourceTree = "<group>"; };
		F7626A7B27AEAACB00F445F6 /* Base */ = {isa = PBXFileReference; lastKnownFileType = file.storyboard; name = Base; path = Base.lproj/LaunchScreen.storyboard; sourceTree = "<group>"; };
		F7626A7D27AEAACB00F445F6 /* Info.plist */ = {isa = PBXFileReference; lastKnownFileType = text.plist.xml; path = Info.plist; sourceTree = "<group>"; };
		F7626A8327AEAEEC00F445F6 /* Country.swift */ = {isa = PBXFileReference; lastKnownFileType = sourcecode.swift; path = Country.swift; sourceTree = "<group>"; };
		F7626A8627AEAF1500F445F6 /* SearchViewModel.swift */ = {isa = PBXFileReference; lastKnownFileType = sourcecode.swift; path = SearchViewModel.swift; sourceTree = "<group>"; };
		F7626A8927AEAFA500F445F6 /* SearchController.swift */ = {isa = PBXFileReference; lastKnownFileType = sourcecode.swift; path = SearchController.swift; sourceTree = "<group>"; };
		F7626A8F27AEB07E00F445F6 /* TableViewCell.swift */ = {isa = PBXFileReference; lastKnownFileType = sourcecode.swift; name = TableViewCell.swift; path = CountryList/TableViewCell.swift; sourceTree = SOURCE_ROOT; };
		F7626A9027AEB07E00F445F6 /* TableViewCell.xib */ = {isa = PBXFileReference; lastKnownFileType = file.xib; name = TableViewCell.xib; path = CountryList/TableViewCell.xib; sourceTree = SOURCE_ROOT; };
/* End PBXFileReference section */

/* Begin PBXFrameworksBuildPhase section */
		F7626A6927AEAACA00F445F6 /* Frameworks */ = {
			isa = PBXFrameworksBuildPhase;
			buildActionMask = 2147483647;
			files = (
				486BE5F99B5F5F62BA2DAFD8 /* Pods_CountryList.framework in Frameworks */,
			);
			runOnlyForDeploymentPostprocessing = 0;
		};
/* End PBXFrameworksBuildPhase section */

/* Begin PBXGroup section */
		0EC34E6D39C7018A0662D420 /* Frameworks */ = {
			isa = PBXGroup;
			children = (
				B908BE0BC0E66ED510178E16 /* Pods_CountryList.framework */,
			);
			name = Frameworks;
			sourceTree = "<group>";
		};
		3E196867E6976C091B9A5C11 /* Pods */ = {
			isa = PBXGroup;
			children = (
				DE7FAE0DC57B61E40D4FDE96 /* Pods-CountryList.debug.xcconfig */,
				8C6A1F8FC02C4F62DA083F87 /* Pods-CountryList.release.xcconfig */,
			);
			path = Pods;
			sourceTree = "<group>";
		};
		F7626A6327AEAACA00F445F6 = {
			isa = PBXGroup;
			children = (
				F7626A6E27AEAACA00F445F6 /* CountryList */,
				F7626A6D27AEAACA00F445F6 /* Products */,
				3E196867E6976C091B9A5C11 /* Pods */,
				0EC34E6D39C7018A0662D420 /* Frameworks */,
			);
			sourceTree = "<group>";
		};
		F7626A6D27AEAACA00F445F6 /* Products */ = {
			isa = PBXGroup;
			children = (
				F7626A6C27AEAACA00F445F6 /* CountryList.app */,
			);
			name = Products;
			sourceTree = "<group>";
		};
		F7626A6E27AEAACA00F445F6 /* CountryList */ = {
			isa = PBXGroup;
			children = (
				F7626A9327AEB0A600F445F6 /* Delegate */,
				F7626A8B27AEAFBA00F445F6 /* ViewController */,
				F7626A7527AEAACA00F445F6 /* Main.storyboard */,
				F7626A8F27AEB07E00F445F6 /* TableViewCell.swift */,
				F7626A9027AEB07E00F445F6 /* TableViewCell.xib */,
				F7626A8827AEAF1D00F445F6 /* ViewModel */,
				F7626A8527AEAEF100F445F6 /* Model */,
				F7626A7827AEAACB00F445F6 /* Assets.xcassets */,
				F7626A7A27AEAACB00F445F6 /* LaunchScreen.storyboard */,
				F7626A7D27AEAACB00F445F6 /* Info.plist */,
			);
			path = CountryList;
			sourceTree = "<group>";
		};
		F7626A8527AEAEF100F445F6 /* Model */ = {
			isa = PBXGroup;
			children = (
				F7626A8327AEAEEC00F445F6 /* Country.swift */,
			);
			path = Model;
			sourceTree = "<group>";
		};
		F7626A8827AEAF1D00F445F6 /* ViewModel */ = {
			isa = PBXGroup;
			children = (
				F7626A8627AEAF1500F445F6 /* SearchViewModel.swift */,
			);
			path = ViewModel;
			sourceTree = "<group>";
		};
		F7626A8B27AEAFBA00F445F6 /* ViewController */ = {
			isa = PBXGroup;
			children = (
				F7626A7327AEAACA00F445F6 /* MainController.swift */,
				F7626A8927AEAFA500F445F6 /* SearchController.swift */,
			);
			path = ViewController;
			sourceTree = "<group>";
		};
		F7626A9327AEB0A600F445F6 /* Delegate */ = {
			isa = PBXGroup;
			children = (
				F7626A6F27AEAACA00F445F6 /* AppDelegate.swift */,
				F7626A7127AEAACA00F445F6 /* SceneDelegate.swift */,
			);
			path = Delegate;
			sourceTree = "<group>";
		};
/* End PBXGroup section */

/* Begin PBXNativeTarget section */
		F7626A6B27AEAACA00F445F6 /* CountryList */ = {
			isa = PBXNativeTarget;
			buildConfigurationList = F7626A8027AEAACB00F445F6 /* Build configuration list for PBXNativeTarget "CountryList" */;
			buildPhases = (
				E1854BD020A71650F6AD0ED0 /* [CP] Check Pods Manifest.lock */,
				F7626A6827AEAACA00F445F6 /* Sources */,
				F7626A6927AEAACA00F445F6 /* Frameworks */,
				F7626A6A27AEAACA00F445F6 /* Resources */,
				90969360430333093460E9ED /* [CP] Embed Pods Frameworks */,
			);
			buildRules = (
			);
			dependencies = (
			);
			name = CountryList;
			productName = CountryList;
			productReference = F7626A6C27AEAACA00F445F6 /* CountryList.app */;
			productType = "com.apple.product-type.application";
		};
/* End PBXNativeTarget section */

/* Begin PBXProject section */
		F7626A6427AEAACA00F445F6 /* Project object */ = {
			isa = PBXProject;
			attributes = {
				BuildIndependentTargetsInParallel = 1;
				LastSwiftUpdateCheck = 1320;
				LastUpgradeCheck = 1320;
				TargetAttributes = {
					F7626A6B27AEAACA00F445F6 = {
						CreatedOnToolsVersion = 13.2.1;
					};
				};
			};
			buildConfigurationList = F7626A6727AEAACA00F445F6 /* Build configuration list for PBXProject "CountryList" */;
			compatibilityVersion = "Xcode 13.0";
			developmentRegion = en;
			hasScannedForEncodings = 0;
			knownRegions = (
				en,
				Base,
			);
			mainGroup = F7626A6327AEAACA00F445F6;
			productRefGroup = F7626A6D27AEAACA00F445F6 /* Products */;
			projectDirPath = "";
			projectRoot = "";
			targets = (
				F7626A6B27AEAACA00F445F6 /* CountryList */,
			);
		};
/* End PBXProject section */

/* Begin PBXResourcesBuildPhase section */
		F7626A6A27AEAACA00F445F6 /* Resources */ = {
			isa = PBXResourcesBuildPhase;
			buildActionMask = 2147483647;
			files = (
				F7626A7C27AEAACB00F445F6 /* LaunchScreen.storyboard in Resources */,
				F7626A9227AEB07E00F445F6 /* TableViewCell.xib in Resources */,
				F7626A7927AEAACB00F445F6 /* Assets.xcassets in Resources */,
				F7626A7727AEAACA00F445F6 /* Main.storyboard in Resources */,
			);
			runOnlyForDeploymentPostprocessing = 0;
		};
/* End PBXResourcesBuildPhase section */

/* Begin PBXShellScriptBuildPhase section */
		90969360430333093460E9ED /* [CP] Embed Pods Frameworks */ = {
			isa = PBXShellScriptBuildPhase;
			buildActionMask = 2147483647;
			files = (
			);
			inputFileListPaths = (
				"${PODS_ROOT}/Target Support Files/Pods-CountryList/Pods-CountryList-frameworks-${CONFIGURATION}-input-files.xcfilelist",
			);
			name = "[CP] Embed Pods Frameworks";
			outputFileListPaths = (
				"${PODS_ROOT}/Target Support Files/Pods-CountryList/Pods-CountryList-frameworks-${CONFIGURATION}-output-files.xcfilelist",
			);
			runOnlyForDeploymentPostprocessing = 0;
			shellPath = /bin/sh;
			shellScript = "\"${PODS_ROOT}/Target Support Files/Pods-CountryList/Pods-CountryList-frameworks.sh\"\n";
			showEnvVarsInLog = 0;
		};
		E1854BD020A71650F6AD0ED0 /* [CP] Check Pods Manifest.lock */ = {
			isa = PBXShellScriptBuildPhase;
			buildActionMask = 2147483647;
			files = (
			);
			inputFileListPaths = (
			);
			inputPaths = (
				"${PODS_PODFILE_DIR_PATH}/Podfile.lock",
				"${PODS_ROOT}/Manifest.lock",
			);
			name = "[CP] Check Pods Manifest.lock";
			outputFileListPaths = (
			);
			outputPaths = (
				"$(DERIVED_FILE_DIR)/Pods-CountryList-checkManifestLockResult.txt",
			);
			runOnlyForDeploymentPostprocessing = 0;
			shellPath = /bin/sh;
			shellScript = "diff \"${PODS_PODFILE_DIR_PATH}/Podfile.lock\" \"${PODS_ROOT}/Manifest.lock\" > /dev/null\nif [ $? != 0 ] ; then\n    # print error to STDERR\n    echo \"error: The sandbox is not in sync with the Podfile.lock. Run 'pod install' or update your CocoaPods installation.\" >&2\n    exit 1\nfi\n# This output is used by Xcode 'outputs' to avoid re-running this script phase.\necho \"SUCCESS\" > \"${SCRIPT_OUTPUT_FILE_0}\"\n";
			showEnvVarsInLog = 0;
		};
/* End PBXShellScriptBuildPhase section */

/* Begin PBXSourcesBuildPhase section */
		F7626A6827AEAACA00F445F6 /* Sources */ = {
			isa = PBXSourcesBuildPhase;
			buildActionMask = 2147483647;
			files = (
				F7626A8427AEAEEC00F445F6 /* Country.swift in Sources */,
				F7626A8A27AEAFA500F445F6 /* SearchController.swift in Sources */,
				F7626A8727AEAF1500F445F6 /* SearchViewModel.swift in Sources */,
				F7626A7427AEAACA00F445F6 /* MainController.swift in Sources */,
				F7626A7027AEAACA00F445F6 /* AppDelegate.swift in Sources */,
				F7626A9127AEB07E00F445F6 /* TableViewCell.swift in Sources */,
				F7626A7227AEAACA00F445F6 /* SceneDelegate.swift in Sources */,
			);
			runOnlyForDeploymentPostprocessing = 0;
		};
/* End PBXSourcesBuildPhase section */

/* Begin PBXVariantGroup section */
		F7626A7527AEAACA00F445F6 /* Main.storyboard */ = {
			isa = PBXVariantGroup;
			children = (
				F7626A7627AEAACA00F445F6 /* Base */,
			);
			name = Main.storyboard;
			sourceTree = "<group>";
		};
		F7626A7A27AEAACB00F445F6 /* LaunchScreen.storyboard */ = {
			isa = PBXVariantGroup;
			children = (
				F7626A7B27AEAACB00F445F6 /* Base */,
			);
			name = LaunchScreen.storyboard;
			sourceTree = "<group>";
		};
/* End PBXVariantGroup section */

/* Begin XCBuildConfiguration section */
		F7626A7E27AEAACB00F445F6 /* Debug */ = {
			isa = XCBuildConfiguration;
			buildSettings = {
				ALWAYS_SEARCH_USER_PATHS = NO;
				CLANG_ANALYZER_NONNULL = YES;
				CLANG_ANALYZER_NUMBER_OBJECT_CONVERSION = YES_AGGRESSIVE;
				CLANG_CXX_LANGUAGE_STANDARD = "gnu++17";
				CLANG_CXX_LIBRARY = "libc++";
				CLANG_ENABLE_MODULES = YES;
				CLANG_ENABLE_OBJC_ARC = YES;
				CLANG_ENABLE_OBJC_WEAK = YES;
				CLANG_WARN_BLOCK_CAPTURE_AUTORELEASING = YES;
				CLANG_WARN_BOOL_CONVERSION = YES;
				CLANG_WARN_COMMA = YES;
				CLANG_WARN_CONSTANT_CONVERSION = YES;
				CLANG_WARN_DEPRECATED_OBJC_IMPLEMENTATIONS = YES;
				CLANG_WARN_DIRECT_OBJC_ISA_USAGE = YES_ERROR;
				CLANG_WARN_DOCUMENTATION_COMMENTS = YES;
				CLANG_WARN_EMPTY_BODY = YES;
				CLANG_WARN_ENUM_CONVERSION = YES;
				CLANG_WARN_INFINITE_RECURSION = YES;
				CLANG_WARN_INT_CONVERSION = YES;
				CLANG_WARN_NON_LITERAL_NULL_CONVERSION = YES;
				CLANG_WARN_OBJC_IMPLICIT_RETAIN_SELF = YES;
				CLANG_WARN_OBJC_LITERAL_CONVERSION = YES;
				CLANG_WARN_OBJC_ROOT_CLASS = YES_ERROR;
				CLANG_WARN_QUOTED_INCLUDE_IN_FRAMEWORK_HEADER = YES;
				CLANG_WARN_RANGE_LOOP_ANALYSIS = YES;
				CLANG_WARN_STRICT_PROTOTYPES = YES;
				CLANG_WARN_SUSPICIOUS_MOVE = YES;
				CLANG_WARN_UNGUARDED_AVAILABILITY = YES_AGGRESSIVE;
				CLANG_WARN_UNREACHABLE_CODE = YES;
				CLANG_WARN__DUPLICATE_METHOD_MATCH = YES;
				COPY_PHASE_STRIP = NO;
				DEBUG_INFORMATION_FORMAT = dwarf;
				ENABLE_STRICT_OBJC_MSGSEND = YES;
				ENABLE_TESTABILITY = YES;
				GCC_C_LANGUAGE_STANDARD = gnu11;
				GCC_DYNAMIC_NO_PIC = NO;
				GCC_NO_COMMON_BLOCKS = YES;
				GCC_OPTIMIZATION_LEVEL = 0;
				GCC_PREPROCESSOR_DEFINITIONS = (
					"DEBUG=1",
					"$(inherited)",
				);
				GCC_WARN_64_TO_32_BIT_CONVERSION = YES;
				GCC_WARN_ABOUT_RETURN_TYPE = YES_ERROR;
				GCC_WARN_UNDECLARED_SELECTOR = YES;
				GCC_WARN_UNINITIALIZED_AUTOS = YES_AGGRESSIVE;
				GCC_WARN_UNUSED_FUNCTION = YES;
				GCC_WARN_UNUSED_VARIABLE = YES;
				IPHONEOS_DEPLOYMENT_TARGET = 15.2;
				MTL_ENABLE_DEBUG_INFO = INCLUDE_SOURCE;
				MTL_FAST_MATH = YES;
				ONLY_ACTIVE_ARCH = YES;
				SDKROOT = iphoneos;
				SWIFT_ACTIVE_COMPILATION_CONDITIONS = DEBUG;
				SWIFT_OPTIMIZATION_LEVEL = "-Onone";
			};
			name = Debug;
		};
		F7626A7F27AEAACB00F445F6 /* Release */ = {
			isa = XCBuildConfiguration;
			buildSettings = {
				ALWAYS_SEARCH_USER_PATHS = NO;
				CLANG_ANALYZER_NONNULL = YES;
				CLANG_ANALYZER_NUMBER_OBJECT_CONVERSION = YES_AGGRESSIVE;
				CLANG_CXX_LANGUAGE_STANDARD = "gnu++17";
				CLANG_CXX_LIBRARY = "libc++";
				CLANG_ENABLE_MODULES = YES;
				CLANG_ENABLE_OBJC_ARC = YES;
				CLANG_ENABLE_OBJC_WEAK = YES;
				CLANG_WARN_BLOCK_CAPTURE_AUTORELEASING = YES;
				CLANG_WARN_BOOL_CONVERSION = YES;
				CLANG_WARN_COMMA = YES;
				CLANG_WARN_CONSTANT_CONVERSION = YES;
				CLANG_WARN_DEPRECATED_OBJC_IMPLEMENTATIONS = YES;
				CLANG_WARN_DIRECT_OBJC_ISA_USAGE = YES_ERROR;
				CLANG_WARN_DOCUMENTATION_COMMENTS = YES;
				CLANG_WARN_EMPTY_BODY = YES;
				CLANG_WARN_ENUM_CONVERSION = YES;
				CLANG_WARN_INFINITE_RECURSION = YES;
				CLANG_WARN_INT_CONVERSION = YES;
				CLANG_WARN_NON_LITERAL_NULL_CONVERSION = YES;
				CLANG_WARN_OBJC_IMPLICIT_RETAIN_SELF = YES;
				CLANG_WARN_OBJC_LITERAL_CONVERSION = YES;
				CLANG_WARN_OBJC_ROOT_CLASS = YES_ERROR;
				CLANG_WARN_QUOTED_INCLUDE_IN_FRAMEWORK_HEADER = YES;
				CLANG_WARN_RANGE_LOOP_ANALYSIS = YES;
				CLANG_WARN_STRICT_PROTOTYPES = YES;
				CLANG_WARN_SUSPICIOUS_MOVE = YES;
				CLANG_WARN_UNGUARDED_AVAILABILITY = YES_AGGRESSIVE;
				CLANG_WARN_UNREACHABLE_CODE = YES;
				CLANG_WARN__DUPLICATE_METHOD_MATCH = YES;
				COPY_PHASE_STRIP = NO;
				DEBUG_INFORMATION_FORMAT = "dwarf-with-dsym";
				ENABLE_NS_ASSERTIONS = NO;
				ENABLE_STRICT_OBJC_MSGSEND = YES;
				GCC_C_LANGUAGE_STANDARD = gnu11;
				GCC_NO_COMMON_BLOCKS = YES;
				GCC_WARN_64_TO_32_BIT_CONVERSION = YES;
				GCC_WARN_ABOUT_RETURN_TYPE = YES_ERROR;
				GCC_WARN_UNDECLARED_SELECTOR = YES;
				GCC_WARN_UNINITIALIZED_AUTOS = YES_AGGRESSIVE;
				GCC_WARN_UNUSED_FUNCTION = YES;
				GCC_WARN_UNUSED_VARIABLE = YES;
				IPHONEOS_DEPLOYMENT_TARGET = 15.2;
				MTL_ENABLE_DEBUG_INFO = NO;
				MTL_FAST_MATH = YES;
				SDKROOT = iphoneos;
				SWIFT_COMPILATION_MODE = wholemodule;
				SWIFT_OPTIMIZATION_LEVEL = "-O";
				VALIDATE_PRODUCT = YES;
			};
			name = Release;
		};
		F7626A8127AEAACB00F445F6 /* Debug */ = {
			isa = XCBuildConfiguration;
			baseConfigurationReference = DE7FAE0DC57B61E40D4FDE96 /* Pods-CountryList.debug.xcconfig */;
			buildSettings = {
				ASSETCATALOG_COMPILER_APPICON_NAME = AppIcon;
				ASSETCATALOG_COMPILER_GLOBAL_ACCENT_COLOR_NAME = AccentColor;
				CODE_SIGN_STYLE = Automatic;
				CURRENT_PROJECT_VERSION = 1;
				DEVELOPMENT_TEAM = 8U9S422V4H;
				GENERATE_INFOPLIST_FILE = YES;
				INFOPLIST_FILE = CountryList/Info.plist;
				INFOPLIST_KEY_UIApplicationSupportsIndirectInputEvents = YES;
				INFOPLIST_KEY_UILaunchStoryboardName = LaunchScreen;
				INFOPLIST_KEY_UIMainStoryboardFile = Main;
				INFOPLIST_KEY_UISupportedInterfaceOrientations = UIInterfaceOrientationPortrait;
				INFOPLIST_KEY_UISupportedInterfaceOrientations_iPad = "UIInterfaceOrientationPortrait UIInterfaceOrientationPortraitUpsideDown UIInterfaceOrientationLandscapeLeft UIInterfaceOrientationLandscapeRight";
				INFOPLIST_KEY_UISupportedInterfaceOrientations_iPhone = "UIInterfaceOrientationPortrait UIInterfaceOrientationLandscapeLeft UIInterfaceOrientationLandscapeRight";
				IPHONEOS_DEPLOYMENT_TARGET = 11.0;
				LD_RUNPATH_SEARCH_PATHS = (
					"$(inherited)",
					"@executable_path/Frameworks",
				);
				MARKETING_VERSION = 1.0;
				PRODUCT_BUNDLE_IDENTIFIER = rezakashkoul.CountryList;
				PRODUCT_NAME = "$(TARGET_NAME)";
				SWIFT_EMIT_LOC_STRINGS = YES;
				SWIFT_VERSION = 5.0;
				TARGETED_DEVICE_FAMILY = 1;
			};
			name = Debug;
		};
		F7626A8227AEAACB00F445F6 /* Release */ = {
			isa = XCBuildConfiguration;
			baseConfigurationReference = 8C6A1F8FC02C4F62DA083F87 /* Pods-CountryList.release.xcconfig */;
			buildSettings = {
				ASSETCATALOG_COMPILER_APPICON_NAME = AppIcon;
				ASSETCATALOG_COMPILER_GLOBAL_ACCENT_COLOR_NAME = AccentColor;
				CODE_SIGN_STYLE = Automatic;
				CURRENT_PROJECT_VERSION = 1;
				DEVELOPMENT_TEAM = 8U9S422V4H;
				GENERATE_INFOPLIST_FILE = YES;
				INFOPLIST_FILE = CountryList/Info.plist;
				INFOPLIST_KEY_UIApplicationSupportsIndirectInputEvents = YES;
				INFOPLIST_KEY_UILaunchStoryboardName = LaunchScreen;
				INFOPLIST_KEY_UIMainStoryboardFile = Main;
				INFOPLIST_KEY_UISupportedInterfaceOrientations = UIInterfaceOrientationPortrait;
				INFOPLIST_KEY_UISupportedInterfaceOrientations_iPad = "UIInterfaceOrientationPortrait UIInterfaceOrientationPortraitUpsideDown UIInterfaceOrientationLandscapeLeft UIInterfaceOrientationLandscapeRight";
				INFOPLIST_KEY_UISupportedInterfaceOrientations_iPhone = "UIInterfaceOrientationPortrait UIInterfaceOrientationLandscapeLeft UIInterfaceOrientationLandscapeRight";
				IPHONEOS_DEPLOYMENT_TARGET = 11.0;
				LD_RUNPATH_SEARCH_PATHS = (
					"$(inherited)",
					"@executable_path/Frameworks",
				);
				MARKETING_VERSION = 1.0;
				PRODUCT_BUNDLE_IDENTIFIER = rezakashkoul.CountryList;
				PRODUCT_NAME = "$(TARGET_NAME)";
				SWIFT_EMIT_LOC_STRINGS = YES;
				SWIFT_VERSION = 5.0;
				TARGETED_DEVICE_FAMILY = 1;
			};
			name = Release;
		};
/* End XCBuildConfiguration section */

/* Begin XCConfigurationList section */
		F7626A6727AEAACA00F445F6 /* Build configuration list for PBXProject "CountryList" */ = {
			isa = XCConfigurationList;
			buildConfigurations = (
				F7626A7E27AEAACB00F445F6 /* Debug */,
				F7626A7F27AEAACB00F445F6 /* Release */,
			);
			defaultConfigurationIsVisible = 0;
			defaultConfigurationName = Release;
		};
		F7626A8027AEAACB00F445F6 /* Build configuration list for PBXNativeTarget "CountryList" */ = {
			isa = XCConfigurationList;
			buildConfigurations = (
				F7626A8127AEAACB00F445F6 /* Debug */,
				F7626A8227AEAACB00F445F6 /* Release */,
			);
			defaultConfigurationIsVisible = 0;
			defaultConfigurationName = Release;
		};
/* End XCConfigurationList section */
	};
	rootObject = F7626A6427AEAACA00F445F6 /* Project object */;
}
